
Microsoft Visual Studio Solution File, Format Version 9.00
# Visual C++ Express 2005
Project("{8BC9CEB8-8B4A-11D0-8D11-00A0C91BC942}") = "OpenGLFramework", "OpenGLFramework\OpenGLFramework.vcproj", "{EBAAF898-E0C0-4EB5-B86A-CDBFA15857BB}"
	ProjectSection(ProjectDependencies) = postProject
		{7728C904-AA25-41D8-BDB3-381B18E2D3D2} = {7728C904-AA25-41D8-BDB3-381B18E2D3D2}
		{77C7674D-4D00-4033-9EB5-10603451DF5F} = {77C7674D-4D00-4033-9EB5-10603451DF5F}
		{32568781-6021-419C-82AC-B1FD285C7913} = {32568781-6021-419C-82AC-B1FD285C7913}
		{0A4E8680-147A-447A-A716-1A4376CB4248} = {0A4E8680-147A-447A-A716-1A4376CB4248}
		{18742278-F63E-46FD-B443-091CE250EDE9} = {18742278-F63E-46FD-B443-091CE250EDE9}
		{CAFB0D6E-A296-4E6F-9A01-541CC7AE6EAF} = {CAFB0D6E-A296-4E6F-9A01-541CC7AE6EAF}
		{B2761059-CF7E-4794-A990-A08E2228D10E} = {B2761059-CF7E-4794-A990-A08E2228D10E}
		{196D104C-9B60-44E7-B4AD-89B0923EE845} = {196D104C-9B60-44E7-B4AD-89B0923EE845}
		{9C2D8F09-039F-4D44-B521-89D32F2D23DA} = {9C2D8F09-039F-4D44-B521-89D32F2D23DA}
		{0A7D2008-FAD7-43F1-A5BD-ADA495F64587} = {0A7D2008-FAD7-43F1-A5BD-ADA495F64587}
		{3CF45E06-8F2C-4760-9DD1-1E2C75380A7F} = {3CF45E06-8F2C-4760-9DD1-1E2C75380A7F}
	EndProjectSection
EndProject
Project("{8BC9CEB8-8B4A-11D0-8D11-00A0C91BC942}") = "MultiLanguage", "MultiLanguage\MultiLanguage.vcproj", "{3CF45E06-8F2C-4760-9DD1-1E2C75380A7F}"
EndProject
Project("{8BC9CEB8-8B4A-11D0-8D11-00A0C91BC942}") = "Extensions", "Extensions\Extensions.vcproj", "{0A4E8680-147A-447A-A716-1A4376CB4248}"
EndProject
Project("{8BC9CEB8-8B4A-11D0-8D11-00A0C91BC942}") = "SpeedControl", "SpeedControl\SpeedControl.vcproj", "{18742278-F63E-46FD-B443-091CE250EDE9}"
EndProject
Project("{8BC9CEB8-8B4A-11D0-8D11-00A0C91BC942}") = "Lighting", "Lighting\Lighting.vcproj", "{B2761059-CF7E-4794-A990-A08E2228D10E}"
EndProject
Project("{8BC9CEB8-8B4A-11D0-8D11-00A0C91BC942}") = "Logger", "Logger\Logger.vcproj", "{0A7D2008-FAD7-43F1-A5BD-ADA495F64587}"
EndProject
Project("{8BC9CEB8-8B4A-11D0-8D11-00A0C91BC942}") = "Fps", "Fps\Fps.vcproj", "{CAFB0D6E-A296-4E6F-9A01-541CC7AE6EAF}"
EndProject
Project("{8BC9CEB8-8B4A-11D0-8D11-00A0C91BC942}") = "Draw", "Draw\Draw.vcproj", "{9C2D8F09-039F-4D44-B521-89D32F2D23DA}"
EndProject
Project("{8BC9CEB8-8B4A-11D0-8D11-00A0C91BC942}") = "MatrixOperations", "MatrixOperations\MatrixOperations.vcproj", "{32568781-6021-419C-82AC-B1FD285C7913}"
EndProject
Project("{8BC9CEB8-8B4A-11D0-8D11-00A0C91BC942}") = "Fonts", "Fonts\Fonts.vcproj", "{7728C904-AA25-41D8-BDB3-381B18E2D3D2}"
EndProject
Project("{8BC9CEB8-8B4A-11D0-8D11-00A0C91BC942}") = "Sound", "Sound\Sound.vcproj", "{196D104C-9B60-44E7-B4AD-89B0923EE845}"
EndProject
Project("{8BC9CEB8-8B4A-11D0-8D11-00A0C91BC942}") = "SpaceShooter_LevelsEditorConsole", "SpaceShooter_LevelsEditorConsole\SpaceShooter_LevelsEditorConsole.vcproj", "{D13E72FF-AF3D-4C34-A769-7E85834914C0}"
EndProject
Project("{8BC9CEB8-8B4A-11D0-8D11-00A0C91BC942}") = "SpaceShooter_ShipsEditorConsole", "SpaceShooter_ShipsEditorConsole\SpaceShooter_ShipsEditorConsole.vcproj", "{19A15AD4-8953-4203-9205-D7181963BC43}"
EndProject
Project("{8BC9CEB8-8B4A-11D0-8D11-00A0C91BC942}") = "ProfilerLogParser", "ProfilerLogParser\ProfilerLogParser.vcproj", "{0738AC7D-2CC1-431A-88E3-9255389BBE8D}"
EndProject
Project("{8BC9CEB8-8B4A-11D0-8D11-00A0C91BC942}") = "SpaceShooter_ObjectsEditor", "SpaceShooter_ObjectsEditor\SpaceShooter_ObjectsEditor.vcproj", "{468C3243-B8B6-4F40-B9B0-E733EC4DB21A}"
EndProject
Project("{8BC9CEB8-8B4A-11D0-8D11-00A0C91BC942}") = "SpaceShooter_LevelsEditor", "SpaceShooter_LevelsEditor\SpaceShooter_LevelsEditor.vcproj", "{CA95FD0A-F66D-43CC-97CA-E0AA8DE811E1}"
EndProject
Project("{8BC9CEB8-8B4A-11D0-8D11-00A0C91BC942}") = "BMPConverter", "BMPConverter\BMPConverter.vcproj", "{D6C74DC1-BAFF-4447-B98C-9B47DD881619}"
EndProject
Project("{8BC9CEB8-8B4A-11D0-8D11-00A0C91BC942}") = "Network", "Network\Network.vcproj", "{77C7674D-4D00-4033-9EB5-10603451DF5F}"
EndProject
Global
	GlobalSection(SolutionConfigurationPlatforms) = preSolution
		Debug|Win32 = Debug|Win32
		Release|Win32 = Release|Win32
	EndGlobalSection
	GlobalSection(ProjectConfigurationPlatforms) = postSolution
		{EBAAF898-E0C0-4EB5-B86A-CDBFA15857BB}.Debug|Win32.ActiveCfg = Debug|Win32
		{EBAAF898-E0C0-4EB5-B86A-CDBFA15857BB}.Debug|Win32.Build.0 = Debug|Win32
		{EBAAF898-E0C0-4EB5-B86A-CDBFA15857BB}.Release|Win32.ActiveCfg = Release|Win32
		{EBAAF898-E0C0-4EB5-B86A-CDBFA15857BB}.Release|Win32.Build.0 = Release|Win32
		{3CF45E06-8F2C-4760-9DD1-1E2C75380A7F}.Debug|Win32.ActiveCfg = Debug|Win32
		{3CF45E06-8F2C-4760-9DD1-1E2C75380A7F}.Debug|Win32.Build.0 = Debug|Win32
		{3CF45E06-8F2C-4760-9DD1-1E2C75380A7F}.Release|Win32.ActiveCfg = Release|Win32
		{3CF45E06-8F2C-4760-9DD1-1E2C75380A7F}.Release|Win32.Build.0 = Release|Win32
		{0A4E8680-147A-447A-A716-1A4376CB4248}.Debug|Win32.ActiveCfg = Debug|Win32
		{0A4E8680-147A-447A-A716-1A4376CB4248}.Debug|Win32.Build.0 = Debug|Win32
		{0A4E8680-147A-447A-A716-1A4376CB4248}.Release|Win32.ActiveCfg = Release|Win32
		{0A4E8680-147A-447A-A716-1A4376CB4248}.Release|Win32.Build.0 = Release|Win32
		{18742278-F63E-46FD-B443-091CE250EDE9}.Debug|Win32.ActiveCfg = Debug|Win32
		{18742278-F63E-46FD-B443-091CE250EDE9}.Debug|Win32.Build.0 = Debug|Win32
		{18742278-F63E-46FD-B443-091CE250EDE9}.Release|Win32.ActiveCfg = Release|Win32
		{18742278-F63E-46FD-B443-091CE250EDE9}.Release|Win32.Build.0 = Release|Win32
		{B2761059-CF7E-4794-A990-A08E2228D10E}.Debug|Win32.ActiveCfg = Debug|Win32
		{B2761059-CF7E-4794-A990-A08E2228D10E}.Debug|Win32.Build.0 = Debug|Win32
		{B2761059-CF7E-4794-A990-A08E2228D10E}.Release|Win32.ActiveCfg = Release|Win32
		{B2761059-CF7E-4794-A990-A08E2228D10E}.Release|Win32.Build.0 = Release|Win32
		{0A7D2008-FAD7-43F1-A5BD-ADA495F64587}.Debug|Win32.ActiveCfg = Debug|Win32
		{0A7D2008-FAD7-43F1-A5BD-ADA495F64587}.Debug|Win32.Build.0 = Debug|Win32
		{0A7D2008-FAD7-43F1-A5BD-ADA495F64587}.Release|Win32.ActiveCfg = Release|Win32
		{0A7D2008-FAD7-43F1-A5BD-ADA495F64587}.Release|Win32.Build.0 = Release|Win32
		{CAFB0D6E-A296-4E6F-9A01-541CC7AE6EAF}.Debug|Win32.ActiveCfg = Debug|Win32
		{CAFB0D6E-A296-4E6F-9A01-541CC7AE6EAF}.Debug|Win32.Build.0 = Debug|Win32
		{CAFB0D6E-A296-4E6F-9A01-541CC7AE6EAF}.Release|Win32.ActiveCfg = Release|Win32
		{CAFB0D6E-A296-4E6F-9A01-541CC7AE6EAF}.Release|Win32.Build.0 = Release|Win32
		{9C2D8F09-039F-4D44-B521-89D32F2D23DA}.Debug|Win32.ActiveCfg = Debug|Win32
		{9C2D8F09-039F-4D44-B521-89D32F2D23DA}.Debug|Win32.Build.0 = Debug|Win32
		{9C2D8F09-039F-4D44-B521-89D32F2D23DA}.Release|Win32.ActiveCfg = Release|Win32
		{9C2D8F09-039F-4D44-B521-89D32F2D23DA}.Release|Win32.Build.0 = Release|Win32
		{32568781-6021-419C-82AC-B1FD285C7913}.Debug|Win32.ActiveCfg = Debug|Win32
		{32568781-6021-419C-82AC-B1FD285C7913}.Debug|Win32.Build.0 = Debug|Win32
		{32568781-6021-419C-82AC-B1FD285C7913}.Release|Win32.ActiveCfg = Release|Win32
		{32568781-6021-419C-82AC-B1FD285C7913}.Release|Win32.Build.0 = Release|Win32
		{7728C904-AA25-41D8-BDB3-381B18E2D3D2}.Debug|Win32.ActiveCfg = Debug|Win32
		{7728C904-AA25-41D8-BDB3-381B18E2D3D2}.Debug|Win32.Build.0 = Debug|Win32
		{7728C904-AA25-41D8-BDB3-381B18E2D3D2}.Release|Win32.ActiveCfg = Release|Win32
		{7728C904-AA25-41D8-BDB3-381B18E2D3D2}.Release|Win32.Build.0 = Release|Win32
		{196D104C-9B60-44E7-B4AD-89B0923EE845}.Debug|Win32.ActiveCfg = Debug|Win32
		{196D104C-9B60-44E7-B4AD-89B0923EE845}.Debug|Win32.Build.0 = Debug|Win32
		{196D104C-9B60-44E7-B4AD-89B0923EE845}.Release|Win32.ActiveCfg = Release|Win32
		{196D104C-9B60-44E7-B4AD-89B0923EE845}.Release|Win32.Build.0 = Release|Win32
		{D13E72FF-AF3D-4C34-A769-7E85834914C0}.Debug|Win32.ActiveCfg = Debug|Win32
		{D13E72FF-AF3D-4C34-A769-7E85834914C0}.Debug|Win32.Build.0 = Debug|Win32
		{D13E72FF-AF3D-4C34-A769-7E85834914C0}.Release|Win32.ActiveCfg = Release|Win32
		{D13E72FF-AF3D-4C34-A769-7E85834914C0}.Release|Win32.Build.0 = Release|Win32
		{19A15AD4-8953-4203-9205-D7181963BC43}.Debug|Win32.ActiveCfg = Debug|Win32
		{19A15AD4-8953-4203-9205-D7181963BC43}.Debug|Win32.Build.0 = Debug|Win32
		{19A15AD4-8953-4203-9205-D7181963BC43}.Release|Win32.ActiveCfg = Release|Win32
		{19A15AD4-8953-4203-9205-D7181963BC43}.Release|Win32.Build.0 = Release|Win32
		{0738AC7D-2CC1-431A-88E3-9255389BBE8D}.Debug|Win32.ActiveCfg = Debug|Win32
		{0738AC7D-2CC1-431A-88E3-9255389BBE8D}.Debug|Win32.Build.0 = Debug|Win32
		{0738AC7D-2CC1-431A-88E3-9255389BBE8D}.Release|Win32.ActiveCfg = Release|Win32
		{0738AC7D-2CC1-431A-88E3-9255389BBE8D}.Release|Win32.Build.0 = Release|Win32
		{468C3243-B8B6-4F40-B9B0-E733EC4DB21A}.Debug|Win32.ActiveCfg = Debug|Win32
		{468C3243-B8B6-4F40-B9B0-E733EC4DB21A}.Debug|Win32.Build.0 = Debug|Win32
		{468C3243-B8B6-4F40-B9B0-E733EC4DB21A}.Release|Win32.ActiveCfg = Release|Win32
		{468C3243-B8B6-4F40-B9B0-E733EC4DB21A}.Release|Win32.Build.0 = Release|Win32
		{CA95FD0A-F66D-43CC-97CA-E0AA8DE811E1}.Debug|Win32.ActiveCfg = Debug|Win32
		{CA95FD0A-F66D-43CC-97CA-E0AA8DE811E1}.Debug|Win32.Build.0 = Debug|Win32
		{CA95FD0A-F66D-43CC-97CA-E0AA8DE811E1}.Release|Win32.ActiveCfg = Release|Win32
		{CA95FD0A-F66D-43CC-97CA-E0AA8DE811E1}.Release|Win32.Build.0 = Release|Win32
		{D6C74DC1-BAFF-4447-B98C-9B47DD881619}.Debug|Win32.ActiveCfg = Debug|Win32
		{D6C74DC1-BAFF-4447-B98C-9B47DD881619}.Debug|Win32.Build.0 = Debug|Win32
		{D6C74DC1-BAFF-4447-B98C-9B47DD881619}.Release|Win32.ActiveCfg = Release|Win32
		{D6C74DC1-BAFF-4447-B98C-9B47DD881619}.Release|Win32.Build.0 = Release|Win32
		{77C7674D-4D00-4033-9EB5-10603451DF5F}.Debug|Win32.ActiveCfg = Debug|Win32
		{77C7674D-4D00-4033-9EB5-10603451DF5F}.Debug|Win32.Build.0 = Debug|Win32
		{77C7674D-4D00-4033-9EB5-10603451DF5F}.Release|Win32.ActiveCfg = Release|Win32
		{77C7674D-4D00-4033-9EB5-10603451DF5F}.Release|Win32.Build.0 = Release|Win32
	EndGlobalSection
	GlobalSection(SolutionProperties) = preSolution
		HideSolutionNode = FALSE
	EndGlobalSection
EndGlobal
